
Microsoft Visual Studio Solution File, Format Version 12.00
# Visual Studio Version 17
VisualStudioVersion = 17.7.34009.444
MinimumVisualStudioVersion = 10.0.40219.1
Project("{9A19103F-16F7-4668-BE54-9A1E7A4F7556}") = "Order.API", "Order.API\Order.API.csproj", "{4D87FBA5-B25B-473D-B77D-7465D01DA81A}"
EndProject
Project("{FAE04EC0-301F-11D3-BF4B-00C04F79EFBC}") = "Shared", "Shared\Shared.csproj", "{4B52B141-2DD8-409C-8BC5-B7609BF5C159}"
EndProject
Project("{FAE04EC0-301F-11D3-BF4B-00C04F79EFBC}") = "Stock.API", "Stock.API\Stock.API.csproj", "{C60407CA-02F8-487E-9F03-057992E2BC51}"
EndProject
Project("{FAE04EC0-301F-11D3-BF4B-00C04F79EFBC}") = "Payment.API", "Payment.API\Payment.API.csproj", "{EA69381F-0E4D-4AB9-AB14-F1C4736E5D06}"
EndProject
Global
	GlobalSection(SolutionConfigurationPlatforms) = preSolution
		Debug|Any CPU = Debug|Any CPU
		Release|Any CPU = Release|Any CPU
	EndGlobalSection
	GlobalSection(ProjectConfigurationPlatforms) = postSolution
		{4D87FBA5-B25B-473D-B77D-7465D01DA81A}.Debug|Any CPU.ActiveCfg = Debug|Any CPU
		{4D87FBA5-B25B-473D-B77D-7465D01DA81A}.Debug|Any CPU.Build.0 = Debug|Any CPU
		{4D87FBA5-B25B-473D-B77D-7465D01DA81A}.Release|Any CPU.ActiveCfg = Release|Any CPU
		{4D87FBA5-B25B-473D-B77D-7465D01DA81A}.Release|Any CPU.Build.0 = Release|Any CPU
		{4B52B141-2DD8-409C-8BC5-B7609BF5C159}.Debug|Any CPU.ActiveCfg = Debug|Any CPU
		{4B52B141-2DD8-409C-8BC5-B7609BF5C159}.Debug|Any CPU.Build.0 = Debug|Any CPU
		{4B52B141-2DD8-409C-8BC5-B7609BF5C159}.Release|Any CPU.ActiveCfg = Release|Any CPU
		{4B52B141-2DD8-409C-8BC5-B7609BF5C159}.Release|Any CPU.Build.0 = Release|Any CPU
		{C60407CA-02F8-487E-9F03-057992E2BC51}.Debug|Any CPU.ActiveCfg = Debug|Any CPU
		{C60407CA-02F8-487E-9F03-057992E2BC51}.Debug|Any CPU.Build.0 = Debug|Any CPU
		{C60407CA-02F8-487E-9F03-057992E2BC51}.Release|Any CPU.ActiveCfg = Release|Any CPU
		{C60407CA-02F8-487E-9F03-057992E2BC51}.Release|Any CPU.Build.0 = Release|Any CPU
		{EA69381F-0E4D-4AB9-AB14-F1C4736E5D06}.Debug|Any CPU.ActiveCfg = Debug|Any CPU
		{EA69381F-0E4D-4AB9-AB14-F1C4736E5D06}.Debug|Any CPU.Build.0 = Debug|Any CPU
		{EA69381F-0E4D-4AB9-AB14-F1C4736E5D06}.Release|Any CPU.ActiveCfg = Release|Any CPU
		{EA69381F-0E4D-4AB9-AB14-F1C4736E5D06}.Release|Any CPU.Build.0 = Release|Any CPU
	EndGlobalSection
	GlobalSection(SolutionProperties) = preSolution
		HideSolutionNode = FALSE
	EndGlobalSection
	GlobalSection(ExtensibilityGlobals) = postSolution
		SolutionGuid = {5B6BF24B-DD9D-4CAD-814A-7651C0774AB9}
	EndGlobalSection
EndGlobal
